
Microsoft Visual Studio Solution File, Format Version 11.00
# Visual Studio 2010
Project("{FAE04EC0-301F-11D3-BF4B-00C04F79EFBC}") = "Ultimate Gold Strategy", "Ultimate Gold Strategy\UltimateGoldStrategy.csproj", "{D354CBBB-7EEE-4F40-9B2F-BF5F0E978F39}"
EndProject
Global
        GlobalSection(SolutionConfigurationPlatforms) = preSolution
                Debug|Any CPU = Debug|Any CPU
                Release|Any CPU = Release|Any CPU
        EndGlobalSection
        GlobalSection(ProjectConfigurationPlatforms) = postSolution
                {D354CBBB-7EEE-4F40-9B2F-BF5F0E978F39}.Debug|Any CPU.ActiveCfg = Debug|Any CPU
                {D354CBBB-7EEE-4F40-9B2F-BF5F0E978F39}.Debug|Any CPU.Build.0 = Debug|Any CPU
                {D354CBBB-7EEE-4F40-9B2F-BF5F0E978F39}.Release|Any CPU.ActiveCfg = Release|Any CPU
                {D354CBBB-7EEE-4F40-9B2F-BF5F0E978F39}.Release|Any CPU.Build.0 = Release|Any CPU
        EndGlobalSection
        GlobalSection(SolutionProperties) = preSolution
                HideSolutionNode = FALSE
        EndGlobalSection
EndGlobal

